
Microsoft Visual Studio Solution File, Format Version 12.00
# Visual Studio Version 16
VisualStudioVersion = 16.0.28729.10
MinimumVisualStudioVersion = 10.0.40219.1
Project("{2150E333-8FDC-42A3-9474-1A3956D46DE8}") = "Src", "Src", "{86C96DFD-62E4-4D7E-94B7-5B0641AA3BB5}"
EndProject
Project("{2150E333-8FDC-42A3-9474-1A3956D46DE8}") = "Common", "Common", "{D89E0996-1D50-4065-8512-953D21CD41D3}"
EndProject
Project("{2150E333-8FDC-42A3-9474-1A3956D46DE8}") = "Core", "Core", "{4B76F025-0705-441F-A1FD-C29910E96B8C}"
EndProject
Project("{2150E333-8FDC-42A3-9474-1A3956D46DE8}") = "Presentation", "Presentation", "{1FE0267B-B4CA-4C35-87F7-A0290F3D8253}"
EndProject
Project("{2150E333-8FDC-42A3-9474-1A3956D46DE8}") = "Infrastructure", "Infrastructure", "{6E9E3AE2-EC40-45D9-85C1-CE8DE07018B4}"
EndProject
Project("{2150E333-8FDC-42A3-9474-1A3956D46DE8}") = "Tests", "Tests", "{1CEB4F52-FAF8-49C7-9EBD-1597F83381E2}"
EndProject
Project("{9A19103F-16F7-4668-BE54-9A1E7A4F7556}") = "BillsMonster.Domain", "src\core\BillsMonster.Domain\BillsMonster.Domain.csproj", "{C902D489-AB2E-423A-AA9F-FC854392C59A}"
EndProject
Project("{9A19103F-16F7-4668-BE54-9A1E7A4F7556}") = "BillsMonster.Common", "src\common\BillsMonster.Common\BillsMonster.Common.csproj", "{88F43091-95CE-47CB-A703-D2FE48D918CA}"
EndProject
Project("{9A19103F-16F7-4668-BE54-9A1E7A4F7556}") = "BillsMonster.Application", "src\core\BillsMonster.Application\BillsMonster.Application.csproj", "{6A7E7134-BBCE-4566-9CAF-D4ADF1F80754}"
EndProject
Project("{9A19103F-16F7-4668-BE54-9A1E7A4F7556}") = "BillsMonster.Infrastructure", "src\infrastructure\BillsMonster.Infrastructure\BillsMonster.Infrastructure.csproj", "{85CE343A-FC72-4D28-9189-50B8C2259490}"
EndProject
Project("{9A19103F-16F7-4668-BE54-9A1E7A4F7556}") = "BillsMonster.Application.Tests", "tests\BillsMonster.Application.Tests\BillsMonster.Application.Tests.csproj", "{F8F02B05-1D69-42B9-B26B-983150454CD9}"
EndProject
Project("{9A19103F-16F7-4668-BE54-9A1E7A4F7556}") = "BillsMonster.Domain.Tests", "Tests\BillsMonster.Domain.Tests\BillsMonster.Domain.Tests.csproj", "{9961BCBB-C036-4142-8EE1-269B16F6013F}"
EndProject
Project("{9A19103F-16F7-4668-BE54-9A1E7A4F7556}") = "BillsMonster.Common.Tests", "Tests\BillsMonster.Common.Testsq\BillsMonster.Common.Tests.csproj", "{7B5BB0DC-291E-4E4D-90F4-F2799A45BCFF}"
EndProject
Project("{9A19103F-16F7-4668-BE54-9A1E7A4F7556}") = "BillsMonster.Infrastructure.Tests", "Tests\BillsMonster.Infrastructure.Tests\BillsMonster.Infrastructure.Tests.csproj", "{884C3E99-BCB9-4BFA-8C5E-C5065A2831AF}"
EndProject
Project("{9A19103F-16F7-4668-BE54-9A1E7A4F7556}") = "BillsMonster.Persistence", "src\infrastructure\BillsMonster.Persistence\BillsMonster.Persistence.csproj", "{2A48449D-2878-4DDA-9E62-CBF0D776C15C}"
EndProject
Project("{9A19103F-16F7-4668-BE54-9A1E7A4F7556}") = "BillsMonster.Persistence.Tests", "tests\BillsMonster.Persistence.Tests\BillsMonster.Persistence.Tests.csproj", "{AEE6AF2F-26C1-4C6B-A33F-5121428879F9}"
EndProject
Project("{9A19103F-16F7-4668-BE54-9A1E7A4F7556}") = "BillsMonster.WebApi.Server.Tests", "tests\BillsMonster.WebApi.Server.Tests\BillsMonster.WebApi.Server.Tests.csproj", "{0F74AE2E-EAF2-4578-A82F-02D7EA31C941}"
EndProject
Project("{2150E333-8FDC-42A3-9474-1A3956D46DE8}") = "Docs", "Docs", "{9191A785-2EE4-44C9-95EE-2D5D429D9F94}"
	ProjectSection(SolutionItems) = preProject
		Plan.md = Plan.md
	EndProjectSection
EndProject
Project("{9A19103F-16F7-4668-BE54-9A1E7A4F7556}") = "BillsMonster.WebApi", "src\presentation\BillsMonster.WebApi\BillsMonster.WebApi.csproj", "{FCF91CC3-9E72-4E2D-ADFA-495AF94DD501}"
EndProject
Global
	GlobalSection(SolutionConfigurationPlatforms) = preSolution
		Debug|Any CPU = Debug|Any CPU
		Release|Any CPU = Release|Any CPU
	EndGlobalSection
	GlobalSection(ProjectConfigurationPlatforms) = postSolution
		{C902D489-AB2E-423A-AA9F-FC854392C59A}.Debug|Any CPU.ActiveCfg = Debug|Any CPU
		{C902D489-AB2E-423A-AA9F-FC854392C59A}.Debug|Any CPU.Build.0 = Debug|Any CPU
		{C902D489-AB2E-423A-AA9F-FC854392C59A}.Release|Any CPU.ActiveCfg = Release|Any CPU
		{C902D489-AB2E-423A-AA9F-FC854392C59A}.Release|Any CPU.Build.0 = Release|Any CPU
		{88F43091-95CE-47CB-A703-D2FE48D918CA}.Debug|Any CPU.ActiveCfg = Debug|Any CPU
		{88F43091-95CE-47CB-A703-D2FE48D918CA}.Debug|Any CPU.Build.0 = Debug|Any CPU
		{88F43091-95CE-47CB-A703-D2FE48D918CA}.Release|Any CPU.ActiveCfg = Release|Any CPU
		{88F43091-95CE-47CB-A703-D2FE48D918CA}.Release|Any CPU.Build.0 = Release|Any CPU
		{6A7E7134-BBCE-4566-9CAF-D4ADF1F80754}.Debug|Any CPU.ActiveCfg = Debug|Any CPU
		{6A7E7134-BBCE-4566-9CAF-D4ADF1F80754}.Debug|Any CPU.Build.0 = Debug|Any CPU
		{6A7E7134-BBCE-4566-9CAF-D4ADF1F80754}.Release|Any CPU.ActiveCfg = Release|Any CPU
		{6A7E7134-BBCE-4566-9CAF-D4ADF1F80754}.Release|Any CPU.Build.0 = Release|Any CPU
		{85CE343A-FC72-4D28-9189-50B8C2259490}.Debug|Any CPU.ActiveCfg = Debug|Any CPU
		{85CE343A-FC72-4D28-9189-50B8C2259490}.Debug|Any CPU.Build.0 = Debug|Any CPU
		{85CE343A-FC72-4D28-9189-50B8C2259490}.Release|Any CPU.ActiveCfg = Release|Any CPU
		{85CE343A-FC72-4D28-9189-50B8C2259490}.Release|Any CPU.Build.0 = Release|Any CPU
		{F8F02B05-1D69-42B9-B26B-983150454CD9}.Debug|Any CPU.ActiveCfg = Debug|Any CPU
		{F8F02B05-1D69-42B9-B26B-983150454CD9}.Debug|Any CPU.Build.0 = Debug|Any CPU
		{F8F02B05-1D69-42B9-B26B-983150454CD9}.Release|Any CPU.ActiveCfg = Release|Any CPU
		{F8F02B05-1D69-42B9-B26B-983150454CD9}.Release|Any CPU.Build.0 = Release|Any CPU
		{9961BCBB-C036-4142-8EE1-269B16F6013F}.Debug|Any CPU.ActiveCfg = Debug|Any CPU
		{9961BCBB-C036-4142-8EE1-269B16F6013F}.Debug|Any CPU.Build.0 = Debug|Any CPU
		{9961BCBB-C036-4142-8EE1-269B16F6013F}.Release|Any CPU.ActiveCfg = Release|Any CPU
		{9961BCBB-C036-4142-8EE1-269B16F6013F}.Release|Any CPU.Build.0 = Release|Any CPU
		{7B5BB0DC-291E-4E4D-90F4-F2799A45BCFF}.Debug|Any CPU.ActiveCfg = Debug|Any CPU
		{7B5BB0DC-291E-4E4D-90F4-F2799A45BCFF}.Debug|Any CPU.Build.0 = Debug|Any CPU
		{7B5BB0DC-291E-4E4D-90F4-F2799A45BCFF}.Release|Any CPU.ActiveCfg = Release|Any CPU
		{7B5BB0DC-291E-4E4D-90F4-F2799A45BCFF}.Release|Any CPU.Build.0 = Release|Any CPU
		{884C3E99-BCB9-4BFA-8C5E-C5065A2831AF}.Debug|Any CPU.ActiveCfg = Debug|Any CPU
		{884C3E99-BCB9-4BFA-8C5E-C5065A2831AF}.Debug|Any CPU.Build.0 = Debug|Any CPU
		{884C3E99-BCB9-4BFA-8C5E-C5065A2831AF}.Release|Any CPU.ActiveCfg = Release|Any CPU
		{884C3E99-BCB9-4BFA-8C5E-C5065A2831AF}.Release|Any CPU.Build.0 = Release|Any CPU
		{2A48449D-2878-4DDA-9E62-CBF0D776C15C}.Debug|Any CPU.ActiveCfg = Debug|Any CPU
		{2A48449D-2878-4DDA-9E62-CBF0D776C15C}.Debug|Any CPU.Build.0 = Debug|Any CPU
		{2A48449D-2878-4DDA-9E62-CBF0D776C15C}.Release|Any CPU.ActiveCfg = Release|Any CPU
		{2A48449D-2878-4DDA-9E62-CBF0D776C15C}.Release|Any CPU.Build.0 = Release|Any CPU
		{AEE6AF2F-26C1-4C6B-A33F-5121428879F9}.Debug|Any CPU.ActiveCfg = Debug|Any CPU
		{AEE6AF2F-26C1-4C6B-A33F-5121428879F9}.Debug|Any CPU.Build.0 = Debug|Any CPU
		{AEE6AF2F-26C1-4C6B-A33F-5121428879F9}.Release|Any CPU.ActiveCfg = Release|Any CPU
		{AEE6AF2F-26C1-4C6B-A33F-5121428879F9}.Release|Any CPU.Build.0 = Release|Any CPU
		{0F74AE2E-EAF2-4578-A82F-02D7EA31C941}.Debug|Any CPU.ActiveCfg = Debug|Any CPU
		{0F74AE2E-EAF2-4578-A82F-02D7EA31C941}.Debug|Any CPU.Build.0 = Debug|Any CPU
		{0F74AE2E-EAF2-4578-A82F-02D7EA31C941}.Release|Any CPU.ActiveCfg = Release|Any CPU
		{0F74AE2E-EAF2-4578-A82F-02D7EA31C941}.Release|Any CPU.Build.0 = Release|Any CPU
		{FCF91CC3-9E72-4E2D-ADFA-495AF94DD501}.Debug|Any CPU.ActiveCfg = Debug|Any CPU
		{FCF91CC3-9E72-4E2D-ADFA-495AF94DD501}.Debug|Any CPU.Build.0 = Debug|Any CPU
		{FCF91CC3-9E72-4E2D-ADFA-495AF94DD501}.Release|Any CPU.ActiveCfg = Release|Any CPU
		{FCF91CC3-9E72-4E2D-ADFA-495AF94DD501}.Release|Any CPU.Build.0 = Release|Any CPU
	EndGlobalSection
	GlobalSection(SolutionProperties) = preSolution
		HideSolutionNode = FALSE
	EndGlobalSection
	GlobalSection(NestedProjects) = preSolution
		{D89E0996-1D50-4065-8512-953D21CD41D3} = {86C96DFD-62E4-4D7E-94B7-5B0641AA3BB5}
		{4B76F025-0705-441F-A1FD-C29910E96B8C} = {86C96DFD-62E4-4D7E-94B7-5B0641AA3BB5}
		{1FE0267B-B4CA-4C35-87F7-A0290F3D8253} = {86C96DFD-62E4-4D7E-94B7-5B0641AA3BB5}
		{6E9E3AE2-EC40-45D9-85C1-CE8DE07018B4} = {86C96DFD-62E4-4D7E-94B7-5B0641AA3BB5}
		{C902D489-AB2E-423A-AA9F-FC854392C59A} = {4B76F025-0705-441F-A1FD-C29910E96B8C}
		{88F43091-95CE-47CB-A703-D2FE48D918CA} = {D89E0996-1D50-4065-8512-953D21CD41D3}
		{6A7E7134-BBCE-4566-9CAF-D4ADF1F80754} = {4B76F025-0705-441F-A1FD-C29910E96B8C}
		{85CE343A-FC72-4D28-9189-50B8C2259490} = {6E9E3AE2-EC40-45D9-85C1-CE8DE07018B4}
		{F8F02B05-1D69-42B9-B26B-983150454CD9} = {1CEB4F52-FAF8-49C7-9EBD-1597F83381E2}
		{9961BCBB-C036-4142-8EE1-269B16F6013F} = {1CEB4F52-FAF8-49C7-9EBD-1597F83381E2}
		{7B5BB0DC-291E-4E4D-90F4-F2799A45BCFF} = {1CEB4F52-FAF8-49C7-9EBD-1597F83381E2}
		{884C3E99-BCB9-4BFA-8C5E-C5065A2831AF} = {1CEB4F52-FAF8-49C7-9EBD-1597F83381E2}
		{2A48449D-2878-4DDA-9E62-CBF0D776C15C} = {6E9E3AE2-EC40-45D9-85C1-CE8DE07018B4}
		{AEE6AF2F-26C1-4C6B-A33F-5121428879F9} = {1CEB4F52-FAF8-49C7-9EBD-1597F83381E2}
		{0F74AE2E-EAF2-4578-A82F-02D7EA31C941} = {1CEB4F52-FAF8-49C7-9EBD-1597F83381E2}
		{FCF91CC3-9E72-4E2D-ADFA-495AF94DD501} = {1FE0267B-B4CA-4C35-87F7-A0290F3D8253}
	EndGlobalSection
	GlobalSection(ExtensibilityGlobals) = postSolution
		SolutionGuid = {C50E9D2B-B203-4590-A8FE-60E7FE3993B6}
	EndGlobalSection
EndGlobal
